// !$*UTF8*$!
{
	archiveVersion = 1;
	classes = {
	};
	objectVersion = 56;
	objects = {

/* Begin PBXBuildFile section */
		981B986928DCC48600747CAE /* MapAppApp.swift in Sources */ = {isa = PBXBuildFile; fileRef = 981B986828DCC48600747CAE /* MapAppApp.swift */; };
		981B986B28DCC48600747CAE /* ContentView.swift in Sources */ = {isa = PBXBuildFile; fileRef = 981B986A28DCC48600747CAE /* ContentView.swift */; };
		981B986D28DCC48800747CAE /* Assets.xcassets in Resources */ = {isa = PBXBuildFile; fileRef = 981B986C28DCC48800747CAE /* Assets.xcassets */; };
		981B987028DCC48800747CAE /* Preview Assets.xcassets in Resources */ = {isa = PBXBuildFile; fileRef = 981B986F28DCC48800747CAE /* Preview Assets.xcassets */; };
		983D209828DCC810008F1C00 /* Location.swift in Sources */ = {isa = PBXBuildFile; fileRef = 983D209728DCC810008F1C00 /* Location.swift */; };
		983D209B28DCCCEE008F1C00 /* LocationsDataService.swift in Sources */ = {isa = PBXBuildFile; fileRef = 983D209A28DCCCEE008F1C00 /* LocationsDataService.swift */; };
		983D209D28DCCDD0008F1C00 /* LocationView.swift in Sources */ = {isa = PBXBuildFile; fileRef = 983D209C28DCCDD0008F1C00 /* LocationView.swift */; };
		983D209F28DCD0C3008F1C00 /* LocationViewModel.swift in Sources */ = {isa = PBXBuildFile; fileRef = 983D209E28DCD0C3008F1C00 /* LocationViewModel.swift */; };
		985262CF28DE0DA30025516B /* LocationAnnotationView.swift in Sources */ = {isa = PBXBuildFile; fileRef = 985262CE28DE0DA30025516B /* LocationAnnotationView.swift */; };
		985262D128DE149D0025516B /* LocationDetiailesView.swift in Sources */ = {isa = PBXBuildFile; fileRef = 985262D028DE149D0025516B /* LocationDetiailesView.swift */; };
		98A97CEE28DD034B0016DF63 /* LocationListView.swift in Sources */ = {isa = PBXBuildFile; fileRef = 98A97CED28DD034B0016DF63 /* LocationListView.swift */; };
		98FF369D28DD4AE20027F8C1 /* LocationPreviewView.swift in Sources */ = {isa = PBXBuildFile; fileRef = 98FF369C28DD4AE20027F8C1 /* LocationPreviewView.swift */; };
/* End PBXBuildFile section */

/* Begin PBXFileReference section */
		981B986528DCC48600747CAE /* MapApp.app */ = {isa = PBXFileReference; explicitFileType = wrapper.application; includeInIndex = 0; path = MapApp.app; sourceTree = BUILT_PRODUCTS_DIR; };
		981B986828DCC48600747CAE /* MapAppApp.swift */ = {isa = PBXFileReference; lastKnownFileType = sourcecode.swift; path = MapAppApp.swift; sourceTree = "<group>"; };
		981B986A28DCC48600747CAE /* ContentView.swift */ = {isa = PBXFileReference; lastKnownFileType = sourcecode.swift; path = ContentView.swift; sourceTree = "<group>"; };
		981B986C28DCC48800747CAE /* Assets.xcassets */ = {isa = PBXFileReference; lastKnownFileType = folder.assetcatalog; path = Assets.xcassets; sourceTree = "<group>"; };
		981B986F28DCC48800747CAE /* Preview Assets.xcassets */ = {isa = PBXFileReference; lastKnownFileType = folder.assetcatalog; path = "Preview Assets.xcassets"; sourceTree = "<group>"; };
		983D209728DCC810008F1C00 /* Location.swift */ = {isa = PBXFileReference; lastKnownFileType = sourcecode.swift; path = Location.swift; sourceTree = "<group>"; };
		983D209A28DCCCEE008F1C00 /* LocationsDataService.swift */ = {isa = PBXFileReference; fileEncoding = 4; lastKnownFileType = sourcecode.swift; path = LocationsDataService.swift; sourceTree = "<group>"; };
		983D209C28DCCDD0008F1C00 /* LocationView.swift */ = {isa = PBXFileReference; lastKnownFileType = sourcecode.swift; path = LocationView.swift; sourceTree = "<group>"; };
		983D209E28DCD0C3008F1C00 /* LocationViewModel.swift */ = {isa = PBXFileReference; lastKnownFileType = sourcecode.swift; path = LocationViewModel.swift; sourceTree = "<group>"; };
		985262CE28DE0DA30025516B /* LocationAnnotationView.swift */ = {isa = PBXFileReference; lastKnownFileType = sourcecode.swift; path = LocationAnnotationView.swift; sourceTree = "<group>"; };
		985262D028DE149D0025516B /* LocationDetiailesView.swift */ = {isa = PBXFileReference; lastKnownFileType = sourcecode.swift; path = LocationDetiailesView.swift; sourceTree = "<group>"; };
		98A97CED28DD034B0016DF63 /* LocationListView.swift */ = {isa = PBXFileReference; lastKnownFileType = sourcecode.swift; path = LocationListView.swift; sourceTree = "<group>"; };
		98FF369C28DD4AE20027F8C1 /* LocationPreviewView.swift */ = {isa = PBXFileReference; lastKnownFileType = sourcecode.swift; path = LocationPreviewView.swift; sourceTree = "<group>"; };
/* End PBXFileReference section */

/* Begin PBXFrameworksBuildPhase section */
		981B986228DCC48600747CAE /* Frameworks */ = {
			isa = PBXFrameworksBuildPhase;
			buildActionMask = 2147483647;
			files = (
			);
			runOnlyForDeploymentPostprocessing = 0;
		};
/* End PBXFrameworksBuildPhase section */

/* Begin PBXGroup section */
		981B985C28DCC48500747CAE = {
			isa = PBXGroup;
			children = (
				981B986728DCC48600747CAE /* MapApp */,
				981B986628DCC48600747CAE /* Products */,
			);
			sourceTree = "<group>";
		};
		981B986628DCC48600747CAE /* Products */ = {
			isa = PBXGroup;
			children = (
				981B986528DCC48600747CAE /* MapApp.app */,
			);
			name = Products;
			sourceTree = "<group>";
		};
		981B986728DCC48600747CAE /* MapApp */ = {
			isa = PBXGroup;
			children = (
				983D209928DCCCD9008F1C00 /* DataServices */,
				983D209628DCC7EE008F1C00 /* View */,
				983D209528DCC7DD008F1C00 /* ViewModel */,
				983D209428DCC7D2008F1C00 /* Model */,
				981B986828DCC48600747CAE /* MapAppApp.swift */,
				981B986A28DCC48600747CAE /* ContentView.swift */,
				981B986C28DCC48800747CAE /* Assets.xcassets */,
				981B986E28DCC48800747CAE /* Preview Content */,
			);
			path = MapApp;
			sourceTree = "<group>";
		};
		981B986E28DCC48800747CAE /* Preview Content */ = {
			isa = PBXGroup;
			children = (
				981B986F28DCC48800747CAE /* Preview Assets.xcassets */,
			);
			path = "Preview Content";
			sourceTree = "<group>";
		};
		983D209428DCC7D2008F1C00 /* Model */ = {
			isa = PBXGroup;
			children = (
				983D209728DCC810008F1C00 /* Location.swift */,
			);
			path = Model;
			sourceTree = "<group>";
		};
		983D209528DCC7DD008F1C00 /* ViewModel */ = {
			isa = PBXGroup;
			children = (
				983D209E28DCD0C3008F1C00 /* LocationViewModel.swift */,
			);
			path = ViewModel;
			sourceTree = "<group>";
		};
		983D209628DCC7EE008F1C00 /* View */ = {
			isa = PBXGroup;
			children = (
				983D209C28DCCDD0008F1C00 /* LocationView.swift */,
				98A97CED28DD034B0016DF63 /* LocationListView.swift */,
				98FF369C28DD4AE20027F8C1 /* LocationPreviewView.swift */,
				985262CE28DE0DA30025516B /* LocationAnnotationView.swift */,
				985262D028DE149D0025516B /* LocationDetiailesView.swift */,
			);
			path = View;
			sourceTree = "<group>";
		};
		983D209928DCCCD9008F1C00 /* DataServices */ = {
			isa = PBXGroup;
			children = (
				983D209A28DCCCEE008F1C00 /* LocationsDataService.swift */,
			);
			path = DataServices;
			sourceTree = "<group>";
		};
/* End PBXGroup section */

/* Begin PBXNativeTarget section */
		981B986428DCC48600747CAE /* MapApp */ = {
			isa = PBXNativeTarget;
			buildConfigurationList = 981B987328DCC48800747CAE /* Build configuration list for PBXNativeTarget "MapApp" */;
			buildPhases = (
				981B986128DCC48600747CAE /* Sources */,
				981B986228DCC48600747CAE /* Frameworks */,
				981B986328DCC48600747CAE /* Resources */,
			);
			buildRules = (
			);
			dependencies = (
			);
			name = MapApp;
			productName = MapApp;
			productReference = 981B986528DCC48600747CAE /* MapApp.app */;
			productType = "com.apple.product-type.application";
		};
/* End PBXNativeTarget section */

/* Begin PBXProject section */
		981B985D28DCC48500747CAE /* Project object */ = {
			isa = PBXProject;
			attributes = {
				BuildIndependentTargetsInParallel = 1;
				LastSwiftUpdateCheck = 1400;
				LastUpgradeCheck = 1400;
				TargetAttributes = {
					981B986428DCC48600747CAE = {
						CreatedOnToolsVersion = 14.0;
					};
				};
			};
			buildConfigurationList = 981B986028DCC48500747CAE /* Build configuration list for PBXProject "MapApp" */;
			compatibilityVersion = "Xcode 14.0";
			developmentRegion = en;
			hasScannedForEncodings = 0;
			knownRegions = (
				en,
				Base,
			);
			mainGroup = 981B985C28DCC48500747CAE;
			productRefGroup = 981B986628DCC48600747CAE /* Products */;
			projectDirPath = "";
			projectRoot = "";
			targets = (
				981B986428DCC48600747CAE /* MapApp */,
			);
		};
/* End PBXProject section */

/* Begin PBXResourcesBuildPhase section */
		981B986328DCC48600747CAE /* Resources */ = {
			isa = PBXResourcesBuildPhase;
			buildActionMask = 2147483647;
			files = (
				981B987028DCC48800747CAE /* Preview Assets.xcassets in Resources */,
				981B986D28DCC48800747CAE /* Assets.xcassets in Resources */,
			);
			runOnlyForDeploymentPostprocessing = 0;
		};
/* End PBXResourcesBuildPhase section */

/* Begin PBXSourcesBuildPhase section */
		981B986128DCC48600747CAE /* Sources */ = {
			isa = PBXSourcesBuildPhase;
			buildActionMask = 2147483647;
			files = (
				983D209B28DCCCEE008F1C00 /* LocationsDataService.swift in Sources */,
				983D209F28DCD0C3008F1C00 /* LocationViewModel.swift in Sources */,
				985262D128DE149D0025516B /* LocationDetiailesView.swift in Sources */,
				98FF369D28DD4AE20027F8C1 /* LocationPreviewView.swift in Sources */,
				981B986B28DCC48600747CAE /* ContentView.swift in Sources */,
				983D209D28DCCDD0008F1C00 /* LocationView.swift in Sources */,
				98A97CEE28DD034B0016DF63 /* LocationListView.swift in Sources */,
				983D209828DCC810008F1C00 /* Location.swift in Sources */,
				985262CF28DE0DA30025516B /* LocationAnnotationView.swift in Sources */,
				981B986928DCC48600747CAE /* MapAppApp.swift in Sources */,
			);
			runOnlyForDeploymentPostprocessing = 0;
		};
/* End PBXSourcesBuildPhase section */

/* Begin XCBuildConfiguration section */
		981B987128DCC48800747CAE /* Debug */ = {
			isa = XCBuildConfiguration;
			buildSettings = {
				ALWAYS_SEARCH_USER_PATHS = NO;
				CLANG_ANALYZER_NONNULL = YES;
				CLANG_ANALYZER_NUMBER_OBJECT_CONVERSION = YES_AGGRESSIVE;
				CLANG_CXX_LANGUAGE_STANDARD = "gnu++20";
				CLANG_ENABLE_MODULES = YES;
				CLANG_ENABLE_OBJC_ARC = YES;
				CLANG_ENABLE_OBJC_WEAK = YES;
				CLANG_WARN_BLOCK_CAPTURE_AUTORELEASING = YES;
				CLANG_WARN_BOOL_CONVERSION = YES;
				CLANG_WARN_COMMA = YES;
				CLANG_WARN_CONSTANT_CONVERSION = YES;
				CLANG_WARN_DEPRECATED_OBJC_IMPLEMENTATIONS = YES;
				CLANG_WARN_DIRECT_OBJC_ISA_USAGE = YES_ERROR;
				CLANG_WARN_DOCUMENTATION_COMMENTS = YES;
				CLANG_WARN_EMPTY_BODY = YES;
				CLANG_WARN_ENUM_CONVERSION = YES;
				CLANG_WARN_INFINITE_RECURSION = YES;
				CLANG_WARN_INT_CONVERSION = YES;
				CLANG_WARN_NON_LITERAL_NULL_CONVERSION = YES;
				CLANG_WARN_OBJC_IMPLICIT_RETAIN_SELF = YES;
				CLANG_WARN_OBJC_LITERAL_CONVERSION = YES;
				CLANG_WARN_OBJC_ROOT_CLASS = YES_ERROR;
				CLANG_WARN_QUOTED_INCLUDE_IN_FRAMEWORK_HEADER = YES;
				CLANG_WARN_RANGE_LOOP_ANALYSIS = YES;
				CLANG_WARN_STRICT_PROTOTYPES = YES;
				CLANG_WARN_SUSPICIOUS_MOVE = YES;
				CLANG_WARN_UNGUARDED_AVAILABILITY = YES_AGGRESSIVE;
				CLANG_WARN_UNREACHABLE_CODE = YES;
				CLANG_WARN__DUPLICATE_METHOD_MATCH = YES;
				COPY_PHASE_STRIP = NO;
				DEBUG_INFORMATION_FORMAT = dwarf;
				ENABLE_STRICT_OBJC_MSGSEND = YES;
				ENABLE_TESTABILITY = YES;
				GCC_C_LANGUAGE_STANDARD = gnu11;
				GCC_DYNAMIC_NO_PIC = NO;
				GCC_NO_COMMON_BLOCKS = YES;
				GCC_OPTIMIZATION_LEVEL = 0;
				GCC_PREPROCESSOR_DEFINITIONS = (
					"DEBUG=1",
					"$(inherited)",
				);
				GCC_WARN_64_TO_32_BIT_CONVERSION = YES;
				GCC_WARN_ABOUT_RETURN_TYPE = YES_ERROR;
				GCC_WARN_UNDECLARED_SELECTOR = YES;
				GCC_WARN_UNINITIALIZED_AUTOS = YES_AGGRESSIVE;
				GCC_WARN_UNUSED_FUNCTION = YES;
				GCC_WARN_UNUSED_VARIABLE = YES;
				IPHONEOS_DEPLOYMENT_TARGET = 16.0;
				MTL_ENABLE_DEBUG_INFO = INCLUDE_SOURCE;
				MTL_FAST_MATH = YES;
				ONLY_ACTIVE_ARCH = YES;
				SDKROOT = iphoneos;
				SWIFT_ACTIVE_COMPILATION_CONDITIONS = DEBUG;
				SWIFT_OPTIMIZATION_LEVEL = "-Onone";
			};
			name = Debug;
		};
		981B987228DCC48800747CAE /* Release */ = {
			isa = XCBuildConfiguration;
			buildSettings = {
				ALWAYS_SEARCH_USER_PATHS = NO;
				CLANG_ANALYZER_NONNULL = YES;
				CLANG_ANALYZER_NUMBER_OBJECT_CONVERSION = YES_AGGRESSIVE;
				CLANG_CXX_LANGUAGE_STANDARD = "gnu++20";
				CLANG_ENABLE_MODULES = YES;
				CLANG_ENABLE_OBJC_ARC = YES;
				CLANG_ENABLE_OBJC_WEAK = YES;
				CLANG_WARN_BLOCK_CAPTURE_AUTORELEASING = YES;
				CLANG_WARN_BOOL_CONVERSION = YES;
				CLANG_WARN_COMMA = YES;
				CLANG_WARN_CONSTANT_CONVERSION = YES;
				CLANG_WARN_DEPRECATED_OBJC_IMPLEMENTATIONS = YES;
				CLANG_WARN_DIRECT_OBJC_ISA_USAGE = YES_ERROR;
				CLANG_WARN_DOCUMENTATION_COMMENTS = YES;
				CLANG_WARN_EMPTY_BODY = YES;
				CLANG_WARN_ENUM_CONVERSION = YES;
				CLANG_WARN_INFINITE_RECURSION = YES;
				CLANG_WARN_INT_CONVERSION = YES;
				CLANG_WARN_NON_LITERAL_NULL_CONVERSION = YES;
				CLANG_WARN_OBJC_IMPLICIT_RETAIN_SELF = YES;
				CLANG_WARN_OBJC_LITERAL_CONVERSION = YES;
				CLANG_WARN_OBJC_ROOT_CLASS = YES_ERROR;
				CLANG_WARN_QUOTED_INCLUDE_IN_FRAMEWORK_HEADER = YES;
				CLANG_WARN_RANGE_LOOP_ANALYSIS = YES;
				CLANG_WARN_STRICT_PROTOTYPES = YES;
				CLANG_WARN_SUSPICIOUS_MOVE = YES;
				CLANG_WARN_UNGUARDED_AVAILABILITY = YES_AGGRESSIVE;
				CLANG_WARN_UNREACHABLE_CODE = YES;
				CLANG_WARN__DUPLICATE_METHOD_MATCH = YES;
				COPY_PHASE_STRIP = NO;
				DEBUG_INFORMATION_FORMAT = "dwarf-with-dsym";
				ENABLE_NS_ASSERTIONS = NO;
				ENABLE_STRICT_OBJC_MSGSEND = YES;
				GCC_C_LANGUAGE_STANDARD = gnu11;
				GCC_NO_COMMON_BLOCKS = YES;
				GCC_WARN_64_TO_32_BIT_CONVERSION = YES;
				GCC_WARN_ABOUT_RETURN_TYPE = YES_ERROR;
				GCC_WARN_UNDECLARED_SELECTOR = YES;
				GCC_WARN_UNINITIALIZED_AUTOS = YES_AGGRESSIVE;
				GCC_WARN_UNUSED_FUNCTION = YES;
				GCC_WARN_UNUSED_VARIABLE = YES;
				IPHONEOS_DEPLOYMENT_TARGET = 16.0;
				MTL_ENABLE_DEBUG_INFO = NO;
				MTL_FAST_MATH = YES;
				SDKROOT = iphoneos;
				SWIFT_COMPILATION_MODE = wholemodule;
				SWIFT_OPTIMIZATION_LEVEL = "-O";
				VALIDATE_PRODUCT = YES;
			};
			name = Release;
		};
		981B987428DCC48800747CAE /* Debug */ = {
			isa = XCBuildConfiguration;
			buildSettings = {
				ASSETCATALOG_COMPILER_APPICON_NAME = AppIcon;
				ASSETCATALOG_COMPILER_GLOBAL_ACCENT_COLOR_NAME = AccentColor;
				CODE_SIGN_STYLE = Automatic;
				CURRENT_PROJECT_VERSION = 1;
				DEVELOPMENT_ASSET_PATHS = "\"MapApp/Preview Content\"";
				DEVELOPMENT_TEAM = 4P76Y9L42L;
				ENABLE_PREVIEWS = YES;
				GENERATE_INFOPLIST_FILE = YES;
				INFOPLIST_KEY_UIApplicationSceneManifest_Generation = YES;
				INFOPLIST_KEY_UIApplicationSupportsIndirectInputEvents = YES;
				INFOPLIST_KEY_UILaunchScreen_Generation = YES;
				INFOPLIST_KEY_UISupportedInterfaceOrientations_iPad = "UIInterfaceOrientationPortrait UIInterfaceOrientationPortraitUpsideDown UIInterfaceOrientationLandscapeLeft UIInterfaceOrientationLandscapeRight";
				INFOPLIST_KEY_UISupportedInterfaceOrientations_iPhone = "UIInterfaceOrientationPortrait UIInterfaceOrientationLandscapeLeft UIInterfaceOrientationLandscapeRight";
				LD_RUNPATH_SEARCH_PATHS = (
					"$(inherited)",
					"@executable_path/Frameworks",
				);
				MARKETING_VERSION = 1.0;
				PRODUCT_BUNDLE_IDENTIFIER = com.demo.MapApp;
				PRODUCT_NAME = "$(TARGET_NAME)";
				SWIFT_EMIT_LOC_STRINGS = YES;
				SWIFT_VERSION = 5.0;
				TARGETED_DEVICE_FAMILY = "1,2";
			};
			name = Debug;
		};
		981B987528DCC48800747CAE /* Release */ = {
			isa = XCBuildConfiguration;
			buildSettings = {
				ASSETCATALOG_COMPILER_APPICON_NAME = AppIcon;
				ASSETCATALOG_COMPILER_GLOBAL_ACCENT_COLOR_NAME = AccentColor;
				CODE_SIGN_STYLE = Automatic;
				CURRENT_PROJECT_VERSION = 1;
				DEVELOPMENT_ASSET_PATHS = "\"MapApp/Preview Content\"";
				DEVELOPMENT_TEAM = 4P76Y9L42L;
				ENABLE_PREVIEWS = YES;
				GENERATE_INFOPLIST_FILE = YES;
				INFOPLIST_KEY_UIApplicationSceneManifest_Generation = YES;
				INFOPLIST_KEY_UIApplicationSupportsIndirectInputEvents = YES;
				INFOPLIST_KEY_UILaunchScreen_Generation = YES;
				INFOPLIST_KEY_UISupportedInterfaceOrientations_iPad = "UIInterfaceOrientationPortrait UIInterfaceOrientationPortraitUpsideDown UIInterfaceOrientationLandscapeLeft UIInterfaceOrientationLandscapeRight";
				INFOPLIST_KEY_UISupportedInterfaceOrientations_iPhone = "UIInterfaceOrientationPortrait UIInterfaceOrientationLandscapeLeft UIInterfaceOrientationLandscapeRight";
				LD_RUNPATH_SEARCH_PATHS = (
					"$(inherited)",
					"@executable_path/Frameworks",
				);
				MARKETING_VERSION = 1.0;
				PRODUCT_BUNDLE_IDENTIFIER = com.demo.MapApp;
				PRODUCT_NAME = "$(TARGET_NAME)";
				SWIFT_EMIT_LOC_STRINGS = YES;
				SWIFT_VERSION = 5.0;
				TARGETED_DEVICE_FAMILY = "1,2";
			};
			name = Release;
		};
/* End XCBuildConfiguration section */

/* Begin XCConfigurationList section */
		981B986028DCC48500747CAE /* Build configuration list for PBXProject "MapApp" */ = {
			isa = XCConfigurationList;
			buildConfigurations = (
				981B987128DCC48800747CAE /* Debug */,
				981B987228DCC48800747CAE /* Release */,
			);
			defaultConfigurationIsVisible = 0;
			defaultConfigurationName = Release;
		};
		981B987328DCC48800747CAE /* Build configuration list for PBXNativeTarget "MapApp" */ = {
			isa = XCConfigurationList;
			buildConfigurations = (
				981B987428DCC48800747CAE /* Debug */,
				981B987528DCC48800747CAE /* Release */,
			);
			defaultConfigurationIsVisible = 0;
			defaultConfigurationName = Release;
		};
/* End XCConfigurationList section */
	};
	rootObject = 981B985D28DCC48500747CAE /* Project object */;
}
